// !$*UTF8*$!
{
	archiveVersion = 1;
	classes = {
	};
	objectVersion = 51;
	objects = {

/* Begin PBXBuildFile section */
		7C1271F523FFDD8D00F34B2D /* FrontStoreStoryboard.storyboard in Resources */ = {isa = PBXBuildFile; fileRef = 7C1271F423FFDD8D00F34B2D /* FrontStoreStoryboard.storyboard */; };
		7C1271F723FFDE1200F34B2D /* FrontStoreViewController.swift in Sources */ = {isa = PBXBuildFile; fileRef = 7C1271F623FFDE1200F34B2D /* FrontStoreViewController.swift */; };
		7C1271F923FFE5CD00F34B2D /* DataViewController.swift in Sources */ = {isa = PBXBuildFile; fileRef = 7C1271F823FFE5CD00F34B2D /* DataViewController.swift */; };
		7C1271FB23FFE6BA00F34B2D /* CustomPageViewController.swift in Sources */ = {isa = PBXBuildFile; fileRef = 7C1271FA23FFE6B900F34B2D /* CustomPageViewController.swift */; };
		7CF40F7223D5B0F500BF33A5 /* AppDelegate.swift in Sources */ = {isa = PBXBuildFile; fileRef = 7CF40F7123D5B0F500BF33A5 /* AppDelegate.swift */; };
		7CF40F7423D5B0F500BF33A5 /* SceneDelegate.swift in Sources */ = {isa = PBXBuildFile; fileRef = 7CF40F7323D5B0F500BF33A5 /* SceneDelegate.swift */; };
		7CF40F7923D5B0F500BF33A5 /* Main.storyboard in Resources */ = {isa = PBXBuildFile; fileRef = 7CF40F7723D5B0F500BF33A5 /* Main.storyboard */; };
		7CF40F7B23D5B0F800BF33A5 /* Assets.xcassets in Resources */ = {isa = PBXBuildFile; fileRef = 7CF40F7A23D5B0F800BF33A5 /* Assets.xcassets */; };
		7CF40F7E23D5B0F800BF33A5 /* LaunchScreen.storyboard in Resources */ = {isa = PBXBuildFile; fileRef = 7CF40F7C23D5B0F800BF33A5 /* LaunchScreen.storyboard */; };
		7CF40F8623D5B49E00BF33A5 /* DeviceModel.swift in Sources */ = {isa = PBXBuildFile; fileRef = 7CF40F8523D5B49E00BF33A5 /* DeviceModel.swift */; };
		7CF40F8823D5B60000BF33A5 /* StorageManager.swift in Sources */ = {isa = PBXBuildFile; fileRef = 7CF40F8723D5B60000BF33A5 /* StorageManager.swift */; };
		7CF40F8A23D5C2BC00BF33A5 /* BackEndTableViewController.swift in Sources */ = {isa = PBXBuildFile; fileRef = 7CF40F8923D5C2BC00BF33A5 /* BackEndTableViewController.swift */; };
		7CF40F8C23D5C97F00BF33A5 /* CustomTableViewCell.swift in Sources */ = {isa = PBXBuildFile; fileRef = 7CF40F8B23D5C97F00BF33A5 /* CustomTableViewCell.swift */; };
		7CF40F8E23D5CE7400BF33A5 /* DetailTableViewController.swift in Sources */ = {isa = PBXBuildFile; fileRef = 7CF40F8D23D5CE7400BF33A5 /* DetailTableViewController.swift */; };
		A2263764CD5CB039DEBB38E3 /* Pods_FunboxStore.framework in Frameworks */ = {isa = PBXBuildFile; fileRef = 009CC011985738D043725384 /* Pods_FunboxStore.framework */; };
/* End PBXBuildFile section */

/* Begin PBXFileReference section */
		009CC011985738D043725384 /* Pods_FunboxStore.framework */ = {isa = PBXFileReference; explicitFileType = wrapper.framework; includeInIndex = 0; path = Pods_FunboxStore.framework; sourceTree = BUILT_PRODUCTS_DIR; };
		6252796A51896E204A2EEE54 /* Pods-FunboxStore.debug.xcconfig */ = {isa = PBXFileReference; includeInIndex = 1; lastKnownFileType = text.xcconfig; name = "Pods-FunboxStore.debug.xcconfig"; path = "Target Support Files/Pods-FunboxStore/Pods-FunboxStore.debug.xcconfig"; sourceTree = "<group>"; };
		64E666E487FCA539CCB4C554 /* Pods-FunboxStore.release.xcconfig */ = {isa = PBXFileReference; includeInIndex = 1; lastKnownFileType = text.xcconfig; name = "Pods-FunboxStore.release.xcconfig"; path = "Target Support Files/Pods-FunboxStore/Pods-FunboxStore.release.xcconfig"; sourceTree = "<group>"; };
		7C1271F423FFDD8D00F34B2D /* FrontStoreStoryboard.storyboard */ = {isa = PBXFileReference; lastKnownFileType = file.storyboard; path = FrontStoreStoryboard.storyboard; sourceTree = "<group>"; };
		7C1271F623FFDE1200F34B2D /* FrontStoreViewController.swift */ = {isa = PBXFileReference; indentWidth = 3; lastKnownFileType = sourcecode.swift; path = FrontStoreViewController.swift; sourceTree = "<group>"; };
		7C1271F823FFE5CD00F34B2D /* DataViewController.swift */ = {isa = PBXFileReference; lastKnownFileType = sourcecode.swift; path = DataViewController.swift; sourceTree = "<group>"; };
		7C1271FA23FFE6B900F34B2D /* CustomPageViewController.swift */ = {isa = PBXFileReference; lastKnownFileType = sourcecode.swift; path = CustomPageViewController.swift; sourceTree = "<group>"; };
		7CF40F6E23D5B0F500BF33A5 /* FunboxStore.app */ = {isa = PBXFileReference; explicitFileType = wrapper.application; includeInIndex = 0; path = FunboxStore.app; sourceTree = BUILT_PRODUCTS_DIR; };
		7CF40F7123D5B0F500BF33A5 /* AppDelegate.swift */ = {isa = PBXFileReference; lastKnownFileType = sourcecode.swift; path = AppDelegate.swift; sourceTree = "<group>"; };
		7CF40F7323D5B0F500BF33A5 /* SceneDelegate.swift */ = {isa = PBXFileReference; lastKnownFileType = sourcecode.swift; path = SceneDelegate.swift; sourceTree = "<group>"; };
		7CF40F7823D5B0F500BF33A5 /* Base */ = {isa = PBXFileReference; lastKnownFileType = file.storyboard; name = Base; path = Base.lproj/Main.storyboard; sourceTree = "<group>"; };
		7CF40F7A23D5B0F800BF33A5 /* Assets.xcassets */ = {isa = PBXFileReference; lastKnownFileType = folder.assetcatalog; path = Assets.xcassets; sourceTree = "<group>"; };
		7CF40F7D23D5B0F800BF33A5 /* Base */ = {isa = PBXFileReference; lastKnownFileType = file.storyboard; name = Base; path = Base.lproj/LaunchScreen.storyboard; sourceTree = "<group>"; };
		7CF40F7F23D5B0F800BF33A5 /* Info.plist */ = {isa = PBXFileReference; lastKnownFileType = text.plist.xml; path = Info.plist; sourceTree = "<group>"; };
		7CF40F8523D5B49E00BF33A5 /* DeviceModel.swift */ = {isa = PBXFileReference; lastKnownFileType = sourcecode.swift; path = DeviceModel.swift; sourceTree = "<group>"; };
		7CF40F8723D5B60000BF33A5 /* StorageManager.swift */ = {isa = PBXFileReference; lastKnownFileType = sourcecode.swift; path = StorageManager.swift; sourceTree = "<group>"; };
		7CF40F8923D5C2BC00BF33A5 /* BackEndTableViewController.swift */ = {isa = PBXFileReference; lastKnownFileType = sourcecode.swift; path = BackEndTableViewController.swift; sourceTree = "<group>"; };
		7CF40F8B23D5C97F00BF33A5 /* CustomTableViewCell.swift */ = {isa = PBXFileReference; lastKnownFileType = sourcecode.swift; path = CustomTableViewCell.swift; sourceTree = "<group>"; };
		7CF40F8D23D5CE7400BF33A5 /* DetailTableViewController.swift */ = {isa = PBXFileReference; lastKnownFileType = sourcecode.swift; path = DetailTableViewController.swift; sourceTree = "<group>"; };
/* End PBXFileReference section */

/* Begin PBXFrameworksBuildPhase section */
		7CF40F6B23D5B0F500BF33A5 /* Frameworks */ = {
			isa = PBXFrameworksBuildPhase;
			buildActionMask = 2147483647;
			files = (
				A2263764CD5CB039DEBB38E3 /* Pods_FunboxStore.framework in Frameworks */,
			);
			runOnlyForDeploymentPostprocessing = 0;
		};
/* End PBXFrameworksBuildPhase section */

/* Begin PBXGroup section */
		0810153BFDD16B00D713140B /* Frameworks */ = {
			isa = PBXGroup;
			children = (
				009CC011985738D043725384 /* Pods_FunboxStore.framework */,
			);
			name = Frameworks;
			sourceTree = "<group>";
		};
		48F0FABB38BB298E473F58A7 /* Pods */ = {
			isa = PBXGroup;
			children = (
				6252796A51896E204A2EEE54 /* Pods-FunboxStore.debug.xcconfig */,
				64E666E487FCA539CCB4C554 /* Pods-FunboxStore.release.xcconfig */,
			);
			path = Pods;
			sourceTree = "<group>";
		};
		7C1271E423FFD75800F34B2D /* Supporting */ = {
			isa = PBXGroup;
			children = (
				7CF40F7F23D5B0F800BF33A5 /* Info.plist */,
				7CF40F7A23D5B0F800BF33A5 /* Assets.xcassets */,
			);
			name = Supporting;
			sourceTree = "<group>";
		};
		7C1271E523FFD7FC00F34B2D /* App */ = {
			isa = PBXGroup;
			children = (
				7C1271E923FFD81100F34B2D /* Manager */,
				7C1271E823FFD80D00F34B2D /* Model */,
				7C1271E723FFD80900F34B2D /* View */,
				7C1271E623FFD80100F34B2D /* Controller */,
			);
			name = App;
			sourceTree = "<group>";
		};
		7C1271E623FFD80100F34B2D /* Controller */ = {
			isa = PBXGroup;
			children = (
				7CF40F7123D5B0F500BF33A5 /* AppDelegate.swift */,
				7CF40F7323D5B0F500BF33A5 /* SceneDelegate.swift */,
			);
			name = Controller;
			sourceTree = "<group>";
		};
		7C1271E723FFD80900F34B2D /* View */ = {
			isa = PBXGroup;
			children = (
				7CF40F7C23D5B0F800BF33A5 /* LaunchScreen.storyboard */,
			);
			name = View;
			sourceTree = "<group>";
		};
		7C1271E823FFD80D00F34B2D /* Model */ = {
			isa = PBXGroup;
			children = (
			);
			name = Model;
			sourceTree = "<group>";
		};
		7C1271E923FFD81100F34B2D /* Manager */ = {
			isa = PBXGroup;
			children = (
				7CF40F8723D5B60000BF33A5 /* StorageManager.swift */,
			);
			name = Manager;
			sourceTree = "<group>";
		};
		7C1271EA23FFD85F00F34B2D /* Front-store */ = {
			isa = PBXGroup;
			children = (
				7C1271ED23FFD87200F34B2D /* Model */,
				7C1271EC23FFD86E00F34B2D /* View */,
				7C1271EE23FFD87600F34B2D /* Controller */,
			);
			name = "Front-store";
			sourceTree = "<group>";
		};
		7C1271EB23FFD86700F34B2D /* Back-end */ = {
			isa = PBXGroup;
			children = (
				7C1271F123FFD8A000F34B2D /* Model */,
				7C1271EF23FFD8A000F34B2D /* View */,
				7C1271F023FFD8A000F34B2D /* Controller */,
			);
			name = "Back-end";
			sourceTree = "<group>";
		};
		7C1271EC23FFD86E00F34B2D /* View */ = {
			isa = PBXGroup;
			children = (
				7C1271F423FFDD8D00F34B2D /* FrontStoreStoryboard.storyboard */,
			);
			name = View;
			sourceTree = "<group>";
		};
		7C1271ED23FFD87200F34B2D /* Model */ = {
			isa = PBXGroup;
			children = (
			);
			name = Model;
			sourceTree = "<group>";
		};
		7C1271EE23FFD87600F34B2D /* Controller */ = {
			isa = PBXGroup;
			children = (
				7C1271F623FFDE1200F34B2D /* FrontStoreViewController.swift */,
				7C1271F823FFE5CD00F34B2D /* DataViewController.swift */,
				7C1271FA23FFE6B900F34B2D /* CustomPageViewController.swift */,
			);
			name = Controller;
			sourceTree = "<group>";
		};
		7C1271EF23FFD8A000F34B2D /* View */ = {
			isa = PBXGroup;
			children = (
				7CF40F7723D5B0F500BF33A5 /* Main.storyboard */,
				7CF40F8B23D5C97F00BF33A5 /* CustomTableViewCell.swift */,
			);
			path = View;
			sourceTree = "<group>";
		};
		7C1271F023FFD8A000F34B2D /* Controller */ = {
			isa = PBXGroup;
			children = (
				7CF40F8923D5C2BC00BF33A5 /* BackEndTableViewController.swift */,
				7CF40F8D23D5CE7400BF33A5 /* DetailTableViewController.swift */,
			);
			path = Controller;
			sourceTree = "<group>";
		};
		7C1271F123FFD8A000F34B2D /* Model */ = {
			isa = PBXGroup;
			children = (
				7CF40F8523D5B49E00BF33A5 /* DeviceModel.swift */,
			);
			path = Model;
			sourceTree = "<group>";
		};
		7CF40F6523D5B0F500BF33A5 = {
			isa = PBXGroup;
			children = (
				7CF40F7023D5B0F500BF33A5 /* FunboxStore */,
				7CF40F6F23D5B0F500BF33A5 /* Products */,
				48F0FABB38BB298E473F58A7 /* Pods */,
				0810153BFDD16B00D713140B /* Frameworks */,
			);
			sourceTree = "<group>";
		};
		7CF40F6F23D5B0F500BF33A5 /* Products */ = {
			isa = PBXGroup;
			children = (
				7CF40F6E23D5B0F500BF33A5 /* FunboxStore.app */,
			);
			name = Products;
			sourceTree = "<group>";
		};
		7CF40F7023D5B0F500BF33A5 /* FunboxStore */ = {
			isa = PBXGroup;
			children = (
				7C1271E523FFD7FC00F34B2D /* App */,
				7C1271EA23FFD85F00F34B2D /* Front-store */,
				7C1271EB23FFD86700F34B2D /* Back-end */,
				7C1271E423FFD75800F34B2D /* Supporting */,
			);
			path = FunboxStore;
			sourceTree = "<group>";
		};
/* End PBXGroup section */

/* Begin PBXNativeTarget section */
		7CF40F6D23D5B0F500BF33A5 /* FunboxStore */ = {
			isa = PBXNativeTarget;
			buildConfigurationList = 7CF40F8223D5B0F800BF33A5 /* Build configuration list for PBXNativeTarget "FunboxStore" */;
			buildPhases = (
				028B28FBA05D5332E84A8C45 /* [CP] Check Pods Manifest.lock */,
				7CF40F6A23D5B0F500BF33A5 /* Sources */,
				7CF40F6B23D5B0F500BF33A5 /* Frameworks */,
				7CF40F6C23D5B0F500BF33A5 /* Resources */,
				5C9244922BC6F4898A299373 /* [CP] Embed Pods Frameworks */,
			);
			buildRules = (
			);
			dependencies = (
			);
			name = FunboxStore;
			productName = FunboxStore;
			productReference = 7CF40F6E23D5B0F500BF33A5 /* FunboxStore.app */;
			productType = "com.apple.product-type.application";
		};
/* End PBXNativeTarget section */

/* Begin PBXProject section */
		7CF40F6623D5B0F500BF33A5 /* Project object */ = {
			isa = PBXProject;
			attributes = {
				LastSwiftUpdateCheck = 1120;
				LastUpgradeCheck = 1120;
				ORGANIZATIONNAME = "Алексей Макаров";
				TargetAttributes = {
					7CF40F6D23D5B0F500BF33A5 = {
						CreatedOnToolsVersion = 11.2.1;
					};
				};
			};
			buildConfigurationList = 7CF40F6923D5B0F500BF33A5 /* Build configuration list for PBXProject "FunboxStore" */;
			compatibilityVersion = "Xcode 9.3";
			developmentRegion = en;
			hasScannedForEncodings = 0;
			knownRegions = (
				en,
				Base,
			);
			mainGroup = 7CF40F6523D5B0F500BF33A5;
			productRefGroup = 7CF40F6F23D5B0F500BF33A5 /* Products */;
			projectDirPath = "";
			projectRoot = "";
			targets = (
				7CF40F6D23D5B0F500BF33A5 /* FunboxStore */,
			);
		};
/* End PBXProject section */

/* Begin PBXResourcesBuildPhase section */
		7CF40F6C23D5B0F500BF33A5 /* Resources */ = {
			isa = PBXResourcesBuildPhase;
			buildActionMask = 2147483647;
			files = (
				7CF40F7E23D5B0F800BF33A5 /* LaunchScreen.storyboard in Resources */,
				7C1271F523FFDD8D00F34B2D /* FrontStoreStoryboard.storyboard in Resources */,
				7CF40F7B23D5B0F800BF33A5 /* Assets.xcassets in Resources */,
				7CF40F7923D5B0F500BF33A5 /* Main.storyboard in Resources */,
			);
			runOnlyForDeploymentPostprocessing = 0;
		};
/* End PBXResourcesBuildPhase section */

/* Begin PBXShellScriptBuildPhase section */
		028B28FBA05D5332E84A8C45 /* [CP] Check Pods Manifest.lock */ = {
			isa = PBXShellScriptBuildPhase;
			buildActionMask = 2147483647;
			files = (
			);
			inputFileListPaths = (
			);
			inputPaths = (
				"${PODS_PODFILE_DIR_PATH}/Podfile.lock",
				"${PODS_ROOT}/Manifest.lock",
			);
			name = "[CP] Check Pods Manifest.lock";
			outputFileListPaths = (
			);
			outputPaths = (
				"$(DERIVED_FILE_DIR)/Pods-FunboxStore-checkManifestLockResult.txt",
			);
			runOnlyForDeploymentPostprocessing = 0;
			shellPath = /bin/sh;
			shellScript = "diff \"${PODS_PODFILE_DIR_PATH}/Podfile.lock\" \"${PODS_ROOT}/Manifest.lock\" > /dev/null\nif [ $? != 0 ] ; then\n    # print error to STDERR\n    echo \"error: The sandbox is not in sync with the Podfile.lock. Run 'pod install' or update your CocoaPods installation.\" >&2\n    exit 1\nfi\n# This output is used by Xcode 'outputs' to avoid re-running this script phase.\necho \"SUCCESS\" > \"${SCRIPT_OUTPUT_FILE_0}\"\n";
			showEnvVarsInLog = 0;
		};
		5C9244922BC6F4898A299373 /* [CP] Embed Pods Frameworks */ = {
			isa = PBXShellScriptBuildPhase;
			buildActionMask = 2147483647;
			files = (
			);
			inputFileListPaths = (
				"${PODS_ROOT}/Target Support Files/Pods-FunboxStore/Pods-FunboxStore-frameworks-${CONFIGURATION}-input-files.xcfilelist",
			);
			name = "[CP] Embed Pods Frameworks";
			outputFileListPaths = (
				"${PODS_ROOT}/Target Support Files/Pods-FunboxStore/Pods-FunboxStore-frameworks-${CONFIGURATION}-output-files.xcfilelist",
			);
			runOnlyForDeploymentPostprocessing = 0;
			shellPath = /bin/sh;
			shellScript = "\"${PODS_ROOT}/Target Support Files/Pods-FunboxStore/Pods-FunboxStore-frameworks.sh\"\n";
			showEnvVarsInLog = 0;
		};
/* End PBXShellScriptBuildPhase section */

/* Begin PBXSourcesBuildPhase section */
		7CF40F6A23D5B0F500BF33A5 /* Sources */ = {
			isa = PBXSourcesBuildPhase;
			buildActionMask = 2147483647;
			files = (
				7CF40F7223D5B0F500BF33A5 /* AppDelegate.swift in Sources */,
				7C1271F923FFE5CD00F34B2D /* DataViewController.swift in Sources */,
				7C1271FB23FFE6BA00F34B2D /* CustomPageViewController.swift in Sources */,
				7C1271F723FFDE1200F34B2D /* FrontStoreViewController.swift in Sources */,
				7CF40F8823D5B60000BF33A5 /* StorageManager.swift in Sources */,
				7CF40F8C23D5C97F00BF33A5 /* CustomTableViewCell.swift in Sources */,
				7CF40F8E23D5CE7400BF33A5 /* DetailTableViewController.swift in Sources */,
				7CF40F7423D5B0F500BF33A5 /* SceneDelegate.swift in Sources */,
				7CF40F8A23D5C2BC00BF33A5 /* BackEndTableViewController.swift in Sources */,
				7CF40F8623D5B49E00BF33A5 /* DeviceModel.swift in Sources */,
			);
			runOnlyForDeploymentPostprocessing = 0;
		};
/* End PBXSourcesBuildPhase section */

/* Begin PBXVariantGroup section */
		7CF40F7723D5B0F500BF33A5 /* Main.storyboard */ = {
			isa = PBXVariantGroup;
			children = (
				7CF40F7823D5B0F500BF33A5 /* Base */,
			);
			name = Main.storyboard;
			sourceTree = "<group>";
		};
		7CF40F7C23D5B0F800BF33A5 /* LaunchScreen.storyboard */ = {
			isa = PBXVariantGroup;
			children = (
				7CF40F7D23D5B0F800BF33A5 /* Base */,
			);
			name = LaunchScreen.storyboard;
			sourceTree = "<group>";
		};
/* End PBXVariantGroup section */

/* Begin XCBuildConfiguration section */
		7CF40F8023D5B0F800BF33A5 /* Debug */ = {
			isa = XCBuildConfiguration;
			buildSettings = {
				ALWAYS_SEARCH_USER_PATHS = NO;
				CLANG_ANALYZER_NONNULL = YES;
				CLANG_ANALYZER_NUMBER_OBJECT_CONVERSION = YES_AGGRESSIVE;
				CLANG_CXX_LANGUAGE_STANDARD = "gnu++14";
				CLANG_CXX_LIBRARY = "libc++";
				CLANG_ENABLE_MODULES = YES;
				CLANG_ENABLE_OBJC_ARC = YES;
				CLANG_ENABLE_OBJC_WEAK = YES;
				CLANG_WARN_BLOCK_CAPTURE_AUTORELEASING = YES;
				CLANG_WARN_BOOL_CONVERSION = YES;
				CLANG_WARN_COMMA = YES;
				CLANG_WARN_CONSTANT_CONVERSION = YES;
				CLANG_WARN_DEPRECATED_OBJC_IMPLEMENTATIONS = YES;
				CLANG_WARN_DIRECT_OBJC_ISA_USAGE = YES_ERROR;
				CLANG_WARN_DOCUMENTATION_COMMENTS = YES;
				CLANG_WARN_EMPTY_BODY = YES;
				CLANG_WARN_ENUM_CONVERSION = YES;
				CLANG_WARN_INFINITE_RECURSION = YES;
				CLANG_WARN_INT_CONVERSION = YES;
				CLANG_WARN_NON_LITERAL_NULL_CONVERSION = YES;
				CLANG_WARN_OBJC_IMPLICIT_RETAIN_SELF = YES;
				CLANG_WARN_OBJC_LITERAL_CONVERSION = YES;
				CLANG_WARN_OBJC_ROOT_CLASS = YES_ERROR;
				CLANG_WARN_RANGE_LOOP_ANALYSIS = YES;
				CLANG_WARN_STRICT_PROTOTYPES = YES;
				CLANG_WARN_SUSPICIOUS_MOVE = YES;
				CLANG_WARN_UNGUARDED_AVAILABILITY = YES_AGGRESSIVE;
				CLANG_WARN_UNREACHABLE_CODE = YES;
				CLANG_WARN__DUPLICATE_METHOD_MATCH = YES;
				COPY_PHASE_STRIP = NO;
				DEBUG_INFORMATION_FORMAT = dwarf;
				ENABLE_STRICT_OBJC_MSGSEND = YES;
				ENABLE_TESTABILITY = YES;
				GCC_C_LANGUAGE_STANDARD = gnu11;
				GCC_DYNAMIC_NO_PIC = NO;
				GCC_NO_COMMON_BLOCKS = YES;
				GCC_OPTIMIZATION_LEVEL = 0;
				GCC_PREPROCESSOR_DEFINITIONS = (
					"DEBUG=1",
					"$(inherited)",
				);
				GCC_WARN_64_TO_32_BIT_CONVERSION = YES;
				GCC_WARN_ABOUT_RETURN_TYPE = YES_ERROR;
				GCC_WARN_UNDECLARED_SELECTOR = YES;
				GCC_WARN_UNINITIALIZED_AUTOS = YES_AGGRESSIVE;
				GCC_WARN_UNUSED_FUNCTION = YES;
				GCC_WARN_UNUSED_VARIABLE = YES;
				IPHONEOS_DEPLOYMENT_TARGET = 13.2;
				MTL_ENABLE_DEBUG_INFO = INCLUDE_SOURCE;
				MTL_FAST_MATH = YES;
				ONLY_ACTIVE_ARCH = YES;
				SDKROOT = iphoneos;
				SWIFT_ACTIVE_COMPILATION_CONDITIONS = DEBUG;
				SWIFT_OPTIMIZATION_LEVEL = "-Onone";
			};
			name = Debug;
		};
		7CF40F8123D5B0F800BF33A5 /* Release */ = {
			isa = XCBuildConfiguration;
			buildSettings = {
				ALWAYS_SEARCH_USER_PATHS = NO;
				CLANG_ANALYZER_NONNULL = YES;
				CLANG_ANALYZER_NUMBER_OBJECT_CONVERSION = YES_AGGRESSIVE;
				CLANG_CXX_LANGUAGE_STANDARD = "gnu++14";
				CLANG_CXX_LIBRARY = "libc++";
				CLANG_ENABLE_MODULES = YES;
				CLANG_ENABLE_OBJC_ARC = YES;
				CLANG_ENABLE_OBJC_WEAK = YES;
				CLANG_WARN_BLOCK_CAPTURE_AUTORELEASING = YES;
				CLANG_WARN_BOOL_CONVERSION = YES;
				CLANG_WARN_COMMA = YES;
				CLANG_WARN_CONSTANT_CONVERSION = YES;
				CLANG_WARN_DEPRECATED_OBJC_IMPLEMENTATIONS = YES;
				CLANG_WARN_DIRECT_OBJC_ISA_USAGE = YES_ERROR;
				CLANG_WARN_DOCUMENTATION_COMMENTS = YES;
				CLANG_WARN_EMPTY_BODY = YES;
				CLANG_WARN_ENUM_CONVERSION = YES;
				CLANG_WARN_INFINITE_RECURSION = YES;
				CLANG_WARN_INT_CONVERSION = YES;
				CLANG_WARN_NON_LITERAL_NULL_CONVERSION = YES;
				CLANG_WARN_OBJC_IMPLICIT_RETAIN_SELF = YES;
				CLANG_WARN_OBJC_LITERAL_CONVERSION = YES;
				CLANG_WARN_OBJC_ROOT_CLASS = YES_ERROR;
				CLANG_WARN_RANGE_LOOP_ANALYSIS = YES;
				CLANG_WARN_STRICT_PROTOTYPES = YES;
				CLANG_WARN_SUSPICIOUS_MOVE = YES;
				CLANG_WARN_UNGUARDED_AVAILABILITY = YES_AGGRESSIVE;
				CLANG_WARN_UNREACHABLE_CODE = YES;
				CLANG_WARN__DUPLICATE_METHOD_MATCH = YES;
				COPY_PHASE_STRIP = NO;
				DEBUG_INFORMATION_FORMAT = "dwarf-with-dsym";
				ENABLE_NS_ASSERTIONS = NO;
				ENABLE_STRICT_OBJC_MSGSEND = YES;
				GCC_C_LANGUAGE_STANDARD = gnu11;
				GCC_NO_COMMON_BLOCKS = YES;
				GCC_WARN_64_TO_32_BIT_CONVERSION = YES;
				GCC_WARN_ABOUT_RETURN_TYPE = YES_ERROR;
				GCC_WARN_UNDECLARED_SELECTOR = YES;
				GCC_WARN_UNINITIALIZED_AUTOS = YES_AGGRESSIVE;
				GCC_WARN_UNUSED_FUNCTION = YES;
				GCC_WARN_UNUSED_VARIABLE = YES;
				IPHONEOS_DEPLOYMENT_TARGET = 13.2;
				MTL_ENABLE_DEBUG_INFO = NO;
				MTL_FAST_MATH = YES;
				SDKROOT = iphoneos;
				SWIFT_COMPILATION_MODE = wholemodule;
				SWIFT_OPTIMIZATION_LEVEL = "-O";
				VALIDATE_PRODUCT = YES;
			};
			name = Release;
		};
		7CF40F8323D5B0F800BF33A5 /* Debug */ = {
			isa = XCBuildConfiguration;
			baseConfigurationReference = 6252796A51896E204A2EEE54 /* Pods-FunboxStore.debug.xcconfig */;
			buildSettings = {
				ASSETCATALOG_COMPILER_APPICON_NAME = AppIcon;
				CODE_SIGN_STYLE = Automatic;
				DEVELOPMENT_TEAM = CKWSAD96UP;
				INFOPLIST_FILE = FunboxStore/Info.plist;
				IPHONEOS_DEPLOYMENT_TARGET = 13.0;
				LD_RUNPATH_SEARCH_PATHS = (
					"$(inherited)",
					"@executable_path/Frameworks",
				);
				PRODUCT_BUNDLE_IDENTIFIER = AM.FunboxStore;
				PRODUCT_NAME = "$(TARGET_NAME)";
				SWIFT_VERSION = 5.0;
				TARGETED_DEVICE_FAMILY = "1,2";
			};
			name = Debug;
		};
		7CF40F8423D5B0F800BF33A5 /* Release */ = {
			isa = XCBuildConfiguration;
			baseConfigurationReference = 64E666E487FCA539CCB4C554 /* Pods-FunboxStore.release.xcconfig */;
			buildSettings = {
				ASSETCATALOG_COMPILER_APPICON_NAME = AppIcon;
				CODE_SIGN_STYLE = Automatic;
				DEVELOPMENT_TEAM = CKWSAD96UP;
				INFOPLIST_FILE = FunboxStore/Info.plist;
				IPHONEOS_DEPLOYMENT_TARGET = 13.0;
				LD_RUNPATH_SEARCH_PATHS = (
					"$(inherited)",
					"@executable_path/Frameworks",
				);
				PRODUCT_BUNDLE_IDENTIFIER = AM.FunboxStore;
				PRODUCT_NAME = "$(TARGET_NAME)";
				SWIFT_VERSION = 5.0;
				TARGETED_DEVICE_FAMILY = "1,2";
			};
			name = Release;
		};
/* End XCBuildConfiguration section */

/* Begin XCConfigurationList section */
		7CF40F6923D5B0F500BF33A5 /* Build configuration list for PBXProject "FunboxStore" */ = {
			isa = XCConfigurationList;
			buildConfigurations = (
				7CF40F8023D5B0F800BF33A5 /* Debug */,
				7CF40F8123D5B0F800BF33A5 /* Release */,
			);
			defaultConfigurationIsVisible = 0;
			defaultConfigurationName = Release;
		};
		7CF40F8223D5B0F800BF33A5 /* Build configuration list for PBXNativeTarget "FunboxStore" */ = {
			isa = XCConfigurationList;
			buildConfigurations = (
				7CF40F8323D5B0F800BF33A5 /* Debug */,
				7CF40F8423D5B0F800BF33A5 /* Release */,
			);
			defaultConfigurationIsVisible = 0;
			defaultConfigurationName = Release;
		};
/* End XCConfigurationList section */
	};
	rootObject = 7CF40F6623D5B0F500BF33A5 /* Project object */;
}
